// !$*UTF8*$!
{
	archiveVersion = 1;
	classes = {
	};
	objectVersion = 46;
	objects = {

/* Begin PBXBuildFile section */
		7B10AE30192AF94700D20A8E /* Foundation.framework in Frameworks */ = {isa = PBXBuildFile; fileRef = 7B10AE2F192AF94700D20A8E /* Foundation.framework */; };
		7B10AE32192AF94700D20A8E /* CoreGraphics.framework in Frameworks */ = {isa = PBXBuildFile; fileRef = 7B10AE31192AF94700D20A8E /* CoreGraphics.framework */; };
		7B10AE34192AF94700D20A8E /* UIKit.framework in Frameworks */ = {isa = PBXBuildFile; fileRef = 7B10AE33192AF94700D20A8E /* UIKit.framework */; };
		7B10AE3A192AF94700D20A8E /* InfoPlist.strings in Resources */ = {isa = PBXBuildFile; fileRef = 7B10AE38192AF94700D20A8E /* InfoPlist.strings */; };
		7B10AE3C192AF94700D20A8E /* main.m in Sources */ = {isa = PBXBuildFile; fileRef = 7B10AE3B192AF94700D20A8E /* main.m */; };
		7B10AE40192AF94700D20A8E /* AppDelegate.m in Sources */ = {isa = PBXBuildFile; fileRef = 7B10AE3F192AF94700D20A8E /* AppDelegate.m */; };
		7B10AE43192AF94700D20A8E /* Main.storyboard in Resources */ = {isa = PBXBuildFile; fileRef = 7B10AE41192AF94700D20A8E /* Main.storyboard */; };
		7B10AE46192AF94700D20A8E /* ViewController.m in Sources */ = {isa = PBXBuildFile; fileRef = 7B10AE45192AF94700D20A8E /* ViewController.m */; };
		7B10AE48192AF94700D20A8E /* Images.xcassets in Resources */ = {isa = PBXBuildFile; fileRef = 7B10AE47192AF94700D20A8E /* Images.xcassets */; };
		7B10AE4F192AF94700D20A8E /* XCTest.framework in Frameworks */ = {isa = PBXBuildFile; fileRef = 7B10AE4E192AF94700D20A8E /* XCTest.framework */; };
		7B10AE50192AF94700D20A8E /* Foundation.framework in Frameworks */ = {isa = PBXBuildFile; fileRef = 7B10AE2F192AF94700D20A8E /* Foundation.framework */; };
		7B10AE51192AF94700D20A8E /* UIKit.framework in Frameworks */ = {isa = PBXBuildFile; fileRef = 7B10AE33192AF94700D20A8E /* UIKit.framework */; };
		7B10AE59192AF94700D20A8E /* InfoPlist.strings in Resources */ = {isa = PBXBuildFile; fileRef = 7B10AE57192AF94700D20A8E /* InfoPlist.strings */; };
		7B10AE5B192AF94700D20A8E /* TripleTriadTests.m in Sources */ = {isa = PBXBuildFile; fileRef = 7B10AE5A192AF94700D20A8E /* TripleTriadTests.m */; };
		7B10AED5192B29F900D20A8E /* board.png in Resources */ = {isa = PBXBuildFile; fileRef = 7B10AE65192B29F900D20A8E /* board.png */; };
		7B10AED6192B29FA00D20A8E /* 001-geezard.png in Resources */ = {isa = PBXBuildFile; fileRef = 7B10AE67192B29F900D20A8E /* 001-geezard.png */; };
		7B10AED7192B29FA00D20A8E /* 002-funguar.png in Resources */ = {isa = PBXBuildFile; fileRef = 7B10AE68192B29F900D20A8E /* 002-funguar.png */; };
		7B10AED8192B29FA00D20A8E /* 003-bite-bug.png in Resources */ = {isa = PBXBuildFile; fileRef = 7B10AE69192B29F900D20A8E /* 003-bite-bug.png */; };
		7B10AED9192B29FA00D20A8E /* 004-red-bat.png in Resources */ = {isa = PBXBuildFile; fileRef = 7B10AE6A192B29F900D20A8E /* 004-red-bat.png */; };
		7B10AEDA192B29FA00D20A8E /* 005-blobra.png in Resources */ = {isa = PBXBuildFile; fileRef = 7B10AE6B192B29F900D20A8E /* 005-blobra.png */; };
		7B10AEDB192B29FA00D20A8E /* 006-gayla.png in Resources */ = {isa = PBXBuildFile; fileRef = 7B10AE6C192B29F900D20A8E /* 006-gayla.png */; };
		7B10AEDC192B29FA00D20A8E /* 007-gesper.png in Resources */ = {isa = PBXBuildFile; fileRef = 7B10AE6D192B29F900D20A8E /* 007-gesper.png */; };
		7B10AEDD192B29FA00D20A8E /* 008-fastitocalon-f.png in Resources */ = {isa = PBXBuildFile; fileRef = 7B10AE6E192B29F900D20A8E /* 008-fastitocalon-f.png */; };
		7B10AEDE192B29FA00D20A8E /* 009-bloud-soul.png in Resources */ = {isa = PBXBuildFile; fileRef = 7B10AE6F192B29F900D20A8E /* 009-bloud-soul.png */; };
		7B10AEDF192B29FA00D20A8E /* 010-caterchipillar.png in Resources */ = {isa = PBXBuildFile; fileRef = 7B10AE70192B29F900D20A8E /* 010-caterchipillar.png */; };
		7B10AEE0192B29FA00D20A8E /* 011-cockatrice.png in Resources */ = {isa = PBXBuildFile; fileRef = 7B10AE71192B29F900D20A8E /* 011-cockatrice.png */; };
		7B10AEE1192B29FA00D20A8E /* 012-grat.png in Resources */ = {isa = PBXBuildFile; fileRef = 7B10AE72192B29F900D20A8E /* 012-grat.png */; };
		7B10AEE2192B29FA00D20A8E /* 013-buel.png in Resources */ = {isa = PBXBuildFile; fileRef = 7B10AE73192B29F900D20A8E /* 013-buel.png */; };
		7B10AEE3192B29FA00D20A8E /* 014-mesmerize.png in Resources */ = {isa = PBXBuildFile; fileRef = 7B10AE74192B29F900D20A8E /* 014-mesmerize.png */; };
		7B10AEE4192B29FA00D20A8E /* 015-glacial-eye.png in Resources */ = {isa = PBXBuildFile; fileRef = 7B10AE75192B29F900D20A8E /* 015-glacial-eye.png */; };
		7B10AEE5192B29FA00D20A8E /* 016-belhelmel.png in Resources */ = {isa = PBXBuildFile; fileRef = 7B10AE76192B29F900D20A8E /* 016-belhelmel.png */; };
		7B10AEE6192B29FA00D20A8E /* 017-thrustaevis.png in Resources */ = {isa = PBXBuildFile; fileRef = 7B10AE77192B29F900D20A8E /* 017-thrustaevis.png */; };
		7B10AEE7192B29FA00D20A8E /* 018-anacondaur.png in Resources */ = {isa = PBXBuildFile; fileRef = 7B10AE78192B29F900D20A8E /* 018-anacondaur.png */; };
		7B10AEE8192B29FA00D20A8E /* 019-creeps.png in Resources */ = {isa = PBXBuildFile; fileRef = 7B10AE79192B29F900D20A8E /* 019-creeps.png */; };
		7B10AEE9192B29FA00D20A8E /* 020-grendel.png in Resources */ = {isa = PBXBuildFile; fileRef = 7B10AE7A192B29F900D20A8E /* 020-grendel.png */; };
		7B10AEEA192B29FA00D20A8E /* 021-jelleye.png in Resources */ = {isa = PBXBuildFile; fileRef = 7B10AE7B192B29F900D20A8E /* 021-jelleye.png */; };
		7B10AEEB192B29FA00D20A8E /* 022-grand-mantis.png in Resources */ = {isa = PBXBuildFile; fileRef = 7B10AE7C192B29F900D20A8E /* 022-grand-mantis.png */; };
		7B10AEEC192B29FA00D20A8E /* 023-forbidden.png in Resources */ = {isa = PBXBuildFile; fileRef = 7B10AE7D192B29F900D20A8E /* 023-forbidden.png */; };
		7B10AEED192B29FA00D20A8E /* 024-armadodo.png in Resources */ = {isa = PBXBuildFile; fileRef = 7B10AE7E192B29F900D20A8E /* 024-armadodo.png */; };
		7B10AEEE192B29FA00D20A8E /* 025-tri-face.png in Resources */ = {isa = PBXBuildFile; fileRef = 7B10AE7F192B29F900D20A8E /* 025-tri-face.png */; };
		7B10AEEF192B29FA00D20A8E /* 026-fastitocalon.png in Resources */ = {isa = PBXBuildFile; fileRef = 7B10AE80192B29F900D20A8E /* 026-fastitocalon.png */; };
		7B10AEF0192B29FA00D20A8E /* 027-snow-lion.png in Resources */ = {isa = PBXBuildFile; fileRef = 7B10AE81192B29F900D20A8E /* 027-snow-lion.png */; };
		7B10AEF1192B29FA00D20A8E /* 028-ochu.png in Resources */ = {isa = PBXBuildFile; fileRef = 7B10AE82192B29F900D20A8E /* 028-ochu.png */; };
		7B10AEF2192B29FA00D20A8E /* 029-sam08g.png in Resources */ = {isa = PBXBuildFile; fileRef = 7B10AE83192B29F900D20A8E /* 029-sam08g.png */; };
		7B10AEF3192B29FA00D20A8E /* 030-death-claw.png in Resources */ = {isa = PBXBuildFile; fileRef = 7B10AE84192B29F900D20A8E /* 030-death-claw.png */; };
		7B10AEF4192B29FA00D20A8E /* 031-cactuar.png in Resources */ = {isa = PBXBuildFile; fileRef = 7B10AE85192B29F900D20A8E /* 031-cactuar.png */; };
		7B10AEF5192B29FA00D20A8E /* 032-tonberry.png in Resources */ = {isa = PBXBuildFile; fileRef = 7B10AE86192B29F900D20A8E /* 032-tonberry.png */; };
		7B10AEF6192B29FA00D20A8E /* 033-abyss-worm.png in Resources */ = {isa = PBXBuildFile; fileRef = 7B10AE87192B29F900D20A8E /* 033-abyss-worm.png */; };
		7B10AEF7192B29FA00D20A8E /* 034-turtapod.png in Resources */ = {isa = PBXBuildFile; fileRef = 7B10AE88192B29F900D20A8E /* 034-turtapod.png */; };
		7B10AEF8192B29FA00D20A8E /* 035-vysage.png in Resources */ = {isa = PBXBuildFile; fileRef = 7B10AE89192B29F900D20A8E /* 035-vysage.png */; };
		7B10AEF9192B29FA00D20A8E /* 036-t-rexaur.png in Resources */ = {isa = PBXBuildFile; fileRef = 7B10AE8A192B29F900D20A8E /* 036-t-rexaur.png */; };
		7B10AEFA192B29FA00D20A8E /* 037-bomb.png in Resources */ = {isa = PBXBuildFile; fileRef = 7B10AE8B192B29F900D20A8E /* 037-bomb.png */; };
		7B10AEFB192B29FA00D20A8E /* 038-blitz.png in Resources */ = {isa = PBXBuildFile; fileRef = 7B10AE8C192B29F900D20A8E /* 038-blitz.png */; };
		7B10AEFC192B29FA00D20A8E /* 039-wendigo.png in Resources */ = {isa = PBXBuildFile; fileRef = 7B10AE8D192B29F900D20A8E /* 039-wendigo.png */; };
		7B10AEFD192B29FA00D20A8E /* 040-torama.png in Resources */ = {isa = PBXBuildFile; fileRef = 7B10AE8E192B29F900D20A8E /* 040-torama.png */; };
		7B10AEFE192B29FA00D20A8E /* 041-imp.png in Resources */ = {isa = PBXBuildFile; fileRef = 7B10AE8F192B29F900D20A8E /* 041-imp.png */; };
		7B10AEFF192B29FA00D20A8E /* 042-blue-dragon.png in Resources */ = {isa = PBXBuildFile; fileRef = 7B10AE90192B29F900D20A8E /* 042-blue-dragon.png */; };
		7B10AF00192B29FA00D20A8E /* 043-adamantoise.png in Resources */ = {isa = PBXBuildFile; fileRef = 7B10AE91192B29F900D20A8E /* 043-adamantoise.png */; };
		7B10AF01192B29FA00D20A8E /* 044-hexadragon.png in Resources */ = {isa = PBXBuildFile; fileRef = 7B10AE92192B29F900D20A8E /* 044-hexadragon.png */; };
		7B10AF02192B29FA00D20A8E /* 045-iron-giant.png in Resources */ = {isa = PBXBuildFile; fileRef = 7B10AE93192B29F900D20A8E /* 045-iron-giant.png */; };
		7B10AF03192B29FA00D20A8E /* 046-behemoth.png in Resources */ = {isa = PBXBuildFile; fileRef = 7B10AE94192B29F900D20A8E /* 046-behemoth.png */; };
		7B10AF04192B29FA00D20A8E /* 047-chimera.png in Resources */ = {isa = PBXBuildFile; fileRef = 7B10AE95192B29F900D20A8E /* 047-chimera.png */; };
		7B10AF05192B29FA00D20A8E /* 048-pu-pu.png in Resources */ = {isa = PBXBuildFile; fileRef = 7B10AE96192B29F900D20A8E /* 048-pu-pu.png */; };
		7B10AF06192B29FA00D20A8E /* 049-elastoid.png in Resources */ = {isa = PBXBuildFile; fileRef = 7B10AE97192B29F900D20A8E /* 049-elastoid.png */; };
		7B10AF07192B29FA00D20A8E /* 050-gim47n.png in Resources */ = {isa = PBXBuildFile; fileRef = 7B10AE98192B29F900D20A8E /* 050-gim47n.png */; };
		7B10AF08192B29FA00D20A8E /* 051-malboro.png in Resources */ = {isa = PBXBuildFile; fileRef = 7B10AE99192B29F900D20A8E /* 051-malboro.png */; };
		7B10AF09192B29FA00D20A8E /* 052-ruby-dragon.png in Resources */ = {isa = PBXBuildFile; fileRef = 7B10AE9A192B29F900D20A8E /* 052-ruby-dragon.png */; };
		7B10AF0A192B29FA00D20A8E /* 053-elnoyle.png in Resources */ = {isa = PBXBuildFile; fileRef = 7B10AE9B192B29F900D20A8E /* 053-elnoyle.png */; };
		7B10AF0B192B29FA00D20A8E /* 054-tonberry-king.png in Resources */ = {isa = PBXBuildFile; fileRef = 7B10AE9C192B29F900D20A8E /* 054-tonberry-king.png */; };
		7B10AF0C192B29FA00D20A8E /* 055-biggs-wedge.png in Resources */ = {isa = PBXBuildFile; fileRef = 7B10AE9D192B29F900D20A8E /* 055-biggs-wedge.png */; };
		7B10AF0D192B29FA00D20A8E /* 056-fujin-raijin.png in Resources */ = {isa = PBXBuildFile; fileRef = 7B10AE9E192B29F900D20A8E /* 056-fujin-raijin.png */; };
		7B10AF0E192B29FA00D20A8E /* 057-elvoret.png in Resources */ = {isa = PBXBuildFile; fileRef = 7B10AE9F192B29F900D20A8E /* 057-elvoret.png */; };
		7B10AF0F192B29FA00D20A8E /* 058-x-atm092.png in Resources */ = {isa = PBXBuildFile; fileRef = 7B10AEA0192B29F900D20A8E /* 058-x-atm092.png */; };
		7B10AF10192B29FA00D20A8E /* 059-granaldo.png in Resources */ = {isa = PBXBuildFile; fileRef = 7B10AEA1192B29F900D20A8E /* 059-granaldo.png */; };
		7B10AF11192B29FA00D20A8E /* 060-gerogero.png in Resources */ = {isa = PBXBuildFile; fileRef = 7B10AEA2192B29F900D20A8E /* 060-gerogero.png */; };
		7B10AF12192B29FA00D20A8E /* 061-iguion.png in Resources */ = {isa = PBXBuildFile; fileRef = 7B10AEA3192B29F900D20A8E /* 061-iguion.png */; };
		7B10AF13192B29FA00D20A8E /* 062-abaddon.png in Resources */ = {isa = PBXBuildFile; fileRef = 7B10AEA4192B29F900D20A8E /* 062-abaddon.png */; };
		7B10AF14192B29FA00D20A8E /* 063-trauma.png in Resources */ = {isa = PBXBuildFile; fileRef = 7B10AEA5192B29F900D20A8E /* 063-trauma.png */; };
		7B10AF15192B29FA00D20A8E /* 064-oilboyle.png in Resources */ = {isa = PBXBuildFile; fileRef = 7B10AEA6192B29F900D20A8E /* 064-oilboyle.png */; };
		7B10AF16192B29FA00D20A8E /* 065-norg.png in Resources */ = {isa = PBXBuildFile; fileRef = 7B10AEA7192B29F900D20A8E /* 065-norg.png */; };
		7B10AF17192B29FA00D20A8E /* 066-krysta.png in Resources */ = {isa = PBXBuildFile; fileRef = 7B10AEA8192B29F900D20A8E /* 066-krysta.png */; };
		7B10AF18192B29FA00D20A8E /* 067-propagator.png in Resources */ = {isa = PBXBuildFile; fileRef = 7B10AEA9192B29F900D20A8E /* 067-propagator.png */; };
		7B10AF19192B29FA00D20A8E /* 068-jumbo-cactuar.png in Resources */ = {isa = PBXBuildFile; fileRef = 7B10AEAA192B29F900D20A8E /* 068-jumbo-cactuar.png */; };
		7B10AF1A192B29FA00D20A8E /* 069-tri-point.png in Resources */ = {isa = PBXBuildFile; fileRef = 7B10AEAB192B29F900D20A8E /* 069-tri-point.png */; };
		7B10AF1B192B29FA00D20A8E /* 070-gargantua.png in Resources */ = {isa = PBXBuildFile; fileRef = 7B10AEAC192B29F900D20A8E /* 070-gargantua.png */; };
		7B10AF1C192B29FA00D20A8E /* 071-mobile-type8.png in Resources */ = {isa = PBXBuildFile; fileRef = 7B10AEAD192B29F900D20A8E /* 071-mobile-type8.png */; };
		7B10AF1D192B29FA00D20A8E /* 072-sphinxaur.png in Resources */ = {isa = PBXBuildFile; fileRef = 7B10AEAE192B29F900D20A8E /* 072-sphinxaur.png */; };
		7B10AF1E192B29FA00D20A8E /* 073-tiamat.png in Resources */ = {isa = PBXBuildFile; fileRef = 7B10AEAF192B29F900D20A8E /* 073-tiamat.png */; };
		7B10AF1F192B29FA00D20A8E /* 074-bgh251f2.png in Resources */ = {isa = PBXBuildFile; fileRef = 7B10AEB0192B29F900D20A8E /* 074-bgh251f2.png */; };
		7B10AF20192B29FA00D20A8E /* 075-red-giant.png in Resources */ = {isa = PBXBuildFile; fileRef = 7B10AEB1192B29F900D20A8E /* 075-red-giant.png */; };
		7B10AF21192B29FA00D20A8E /* 076-catoblepas.png in Resources */ = {isa = PBXBuildFile; fileRef = 7B10AEB2192B29F900D20A8E /* 076-catoblepas.png */; };
		7B10AF22192B29FA00D20A8E /* 077-ultima-weapon.png in Resources */ = {isa = PBXBuildFile; fileRef = 7B10AEB3192B29F900D20A8E /* 077-ultima-weapon.png */; };
		7B10AF23192B29FA00D20A8E /* 078-chubby-chocobo.png in Resources */ = {isa = PBXBuildFile; fileRef = 7B10AEB4192B29F900D20A8E /* 078-chubby-chocobo.png */; };
		7B10AF24192B29FA00D20A8E /* 079-angelo.png in Resources */ = {isa = PBXBuildFile; fileRef = 7B10AEB5192B29F900D20A8E /* 079-angelo.png */; };
		7B10AF25192B29FA00D20A8E /* 080-gilgamesh.png in Resources */ = {isa = PBXBuildFile; fileRef = 7B10AEB6192B29F900D20A8E /* 080-gilgamesh.png */; };
		7B10AF26192B29FA00D20A8E /* 081-mini-mog.png in Resources */ = {isa = PBXBuildFile; fileRef = 7B10AEB7192B29F900D20A8E /* 081-mini-mog.png */; };
		7B10AF27192B29FA00D20A8E /* 082-chocobo.png in Resources */ = {isa = PBXBuildFile; fileRef = 7B10AEB8192B29F900D20A8E /* 082-chocobo.png */; };
		7B10AF28192B29FA00D20A8E /* 083-quezacotl.png in Resources */ = {isa = PBXBuildFile; fileRef = 7B10AEB9192B29F900D20A8E /* 083-quezacotl.png */; };
		7B10AF29192B29FA00D20A8E /* 084-shiva.png in Resources */ = {isa = PBXBuildFile; fileRef = 7B10AEBA192B29F900D20A8E /* 084-shiva.png */; };
		7B10AF2A192B29FA00D20A8E /* 085-ifrit.png in Resources */ = {isa = PBXBuildFile; fileRef = 7B10AEBB192B29F900D20A8E /* 085-ifrit.png */; };
		7B10AF2B192B29FA00D20A8E /* 086-siren.png in Resources */ = {isa = PBXBuildFile; fileRef = 7B10AEBC192B29F900D20A8E /* 086-siren.png */; };
		7B10AF2C192B29FA00D20A8E /* 087-sacred.png in Resources */ = {isa = PBXBuildFile; fileRef = 7B10AEBD192B29F900D20A8E /* 087-sacred.png */; };
		7B10AF2D192B29FA00D20A8E /* 088-minotaur.png in Resources */ = {isa = PBXBuildFile; fileRef = 7B10AEBE192B29F900D20A8E /* 088-minotaur.png */; };
		7B10AF2E192B29FA00D20A8E /* 089-carbuncle.png in Resources */ = {isa = PBXBuildFile; fileRef = 7B10AEBF192B29F900D20A8E /* 089-carbuncle.png */; };
		7B10AF2F192B29FA00D20A8E /* 090-diablos.png in Resources */ = {isa = PBXBuildFile; fileRef = 7B10AEC0192B29F900D20A8E /* 090-diablos.png */; };
		7B10AF30192B29FA00D20A8E /* 091-leviathan.png in Resources */ = {isa = PBXBuildFile; fileRef = 7B10AEC1192B29F900D20A8E /* 091-leviathan.png */; };
		7B10AF31192B29FA00D20A8E /* 092-odin.png in Resources */ = {isa = PBXBuildFile; fileRef = 7B10AEC2192B29F900D20A8E /* 092-odin.png */; };
		7B10AF32192B29FA00D20A8E /* 093-pandemona.png in Resources */ = {isa = PBXBuildFile; fileRef = 7B10AEC3192B29F900D20A8E /* 093-pandemona.png */; };
		7B10AF33192B29FA00D20A8E /* 094-cerberus.png in Resources */ = {isa = PBXBuildFile; fileRef = 7B10AEC4192B29F900D20A8E /* 094-cerberus.png */; };
		7B10AF34192B29FA00D20A8E /* 095-alexander.png in Resources */ = {isa = PBXBuildFile; fileRef = 7B10AEC5192B29F900D20A8E /* 095-alexander.png */; };
		7B10AF35192B29FA00D20A8E /* 096-phoenix.png in Resources */ = {isa = PBXBuildFile; fileRef = 7B10AEC6192B29F900D20A8E /* 096-phoenix.png */; };
		7B10AF36192B29FA00D20A8E /* 097-bahamut.png in Resources */ = {isa = PBXBuildFile; fileRef = 7B10AEC7192B29F900D20A8E /* 097-bahamut.png */; };
		7B10AF37192B29FA00D20A8E /* 098-doomtrain.png in Resources */ = {isa = PBXBuildFile; fileRef = 7B10AEC8192B29F900D20A8E /* 098-doomtrain.png */; };
		7B10AF38192B29FA00D20A8E /* 099-eden.png in Resources */ = {isa = PBXBuildFile; fileRef = 7B10AEC9192B29F900D20A8E /* 099-eden.png */; };
		7B10AF39192B29FA00D20A8E /* 100-ward.png in Resources */ = {isa = PBXBuildFile; fileRef = 7B10AECA192B29F900D20A8E /* 100-ward.png */; };
		7B10AF3A192B29FA00D20A8E /* 101-kiros.png in Resources */ = {isa = PBXBuildFile; fileRef = 7B10AECB192B29F900D20A8E /* 101-kiros.png */; };
		7B10AF3B192B29FA00D20A8E /* 102-laguna.png in Resources */ = {isa = PBXBuildFile; fileRef = 7B10AECC192B29F900D20A8E /* 102-laguna.png */; };
		7B10AF3C192B29FA00D20A8E /* 103-selphie.png in Resources */ = {isa = PBXBuildFile; fileRef = 7B10AECD192B29F900D20A8E /* 103-selphie.png */; };
		7B10AF3D192B29FA00D20A8E /* 104-quistis.png in Resources */ = {isa = PBXBuildFile; fileRef = 7B10AECE192B29F900D20A8E /* 104-quistis.png */; };
		7B10AF3E192B29FA00D20A8E /* 105-irvine.png in Resources */ = {isa = PBXBuildFile; fileRef = 7B10AECF192B29F900D20A8E /* 105-irvine.png */; };
		7B10AF3F192B29FA00D20A8E /* 106-zell.png in Resources */ = {isa = PBXBuildFile; fileRef = 7B10AED0192B29F900D20A8E /* 106-zell.png */; };
		7B10AF40192B29FA00D20A8E /* 107-rinoa.png in Resources */ = {isa = PBXBuildFile; fileRef = 7B10AED1192B29F900D20A8E /* 107-rinoa.png */; };
		7B10AF41192B29FA00D20A8E /* 108-edea.png in Resources */ = {isa = PBXBuildFile; fileRef = 7B10AED2192B29F900D20A8E /* 108-edea.png */; };
		7B10AF42192B29FA00D20A8E /* 109-seifer.png in Resources */ = {isa = PBXBuildFile; fileRef = 7B10AED3192B29F900D20A8E /* 109-seifer.png */; };
		7B10AF43192B29FA00D20A8E /* 110-squall.png in Resources */ = {isa = PBXBuildFile; fileRef = 7B10AED4192B29F900D20A8E /* 110-squall.png */; };
		7B1AF196192B97560057A2A5 /* Board.m in Sources */ = {isa = PBXBuildFile; fileRef = 7B1AF195192B97560057A2A5 /* Board.m */; };
		7B1AF199192B97750057A2A5 /* Card.m in Sources */ = {isa = PBXBuildFile; fileRef = 7B1AF198192B97750057A2A5 /* Card.m */; };
		7B1AF19C192C09A10057A2A5 /* Deck.m in Sources */ = {isa = PBXBuildFile; fileRef = 7B1AF19B192C09A10057A2A5 /* Deck.m */; };
		7B1AF19F192C0A490057A2A5 /* Game.m in Sources */ = {isa = PBXBuildFile; fileRef = 7B1AF19E192C0A490057A2A5 /* Game.m */; };
		7B1AF1A2192C6EC50057A2A5 /* Player.m in Sources */ = {isa = PBXBuildFile; fileRef = 7B1AF1A1192C6EC50057A2A5 /* Player.m */; };
/* End PBXBuildFile section */

/* Begin PBXContainerItemProxy section */
		7B10AE52192AF94700D20A8E /* PBXContainerItemProxy */ = {
			isa = PBXContainerItemProxy;
			containerPortal = 7B10AE24192AF94700D20A8E /* Project object */;
			proxyType = 1;
			remoteGlobalIDString = 7B10AE2B192AF94700D20A8E;
			remoteInfo = TripleTriad;
		};
/* End PBXContainerItemProxy section */

/* Begin PBXFileReference section */
		7B10AE2C192AF94700D20A8E /* TripleTriad.app */ = {isa = PBXFileReference; explicitFileType = wrapper.application; includeInIndex = 0; path = TripleTriad.app; sourceTree = BUILT_PRODUCTS_DIR; };
		7B10AE2F192AF94700D20A8E /* Foundation.framework */ = {isa = PBXFileReference; lastKnownFileType = wrapper.framework; name = Foundation.framework; path = System/Library/Frameworks/Foundation.framework; sourceTree = SDKROOT; };
		7B10AE31192AF94700D20A8E /* CoreGraphics.framework */ = {isa = PBXFileReference; lastKnownFileType = wrapper.framework; name = CoreGraphics.framework; path = System/Library/Frameworks/CoreGraphics.framework; sourceTree = SDKROOT; };
		7B10AE33192AF94700D20A8E /* UIKit.framework */ = {isa = PBXFileReference; lastKnownFileType = wrapper.framework; name = UIKit.framework; path = System/Library/Frameworks/UIKit.framework; sourceTree = SDKROOT; };
		7B10AE37192AF94700D20A8E /* TripleTriad-Info.plist */ = {isa = PBXFileReference; lastKnownFileType = text.plist.xml; path = "TripleTriad-Info.plist"; sourceTree = "<group>"; };
		7B10AE39192AF94700D20A8E /* en */ = {isa = PBXFileReference; lastKnownFileType = text.plist.strings; name = en; path = en.lproj/InfoPlist.strings; sourceTree = "<group>"; };
		7B10AE3B192AF94700D20A8E /* main.m */ = {isa = PBXFileReference; lastKnownFileType = sourcecode.c.objc; path = main.m; sourceTree = "<group>"; };
		7B10AE3D192AF94700D20A8E /* TripleTriad-Prefix.pch */ = {isa = PBXFileReference; lastKnownFileType = sourcecode.c.h; path = "TripleTriad-Prefix.pch"; sourceTree = "<group>"; };
		7B10AE3E192AF94700D20A8E /* AppDelegate.h */ = {isa = PBXFileReference; lastKnownFileType = sourcecode.c.h; path = AppDelegate.h; sourceTree = "<group>"; };
		7B10AE3F192AF94700D20A8E /* AppDelegate.m */ = {isa = PBXFileReference; lastKnownFileType = sourcecode.c.objc; path = AppDelegate.m; sourceTree = "<group>"; };
		7B10AE42192AF94700D20A8E /* Base */ = {isa = PBXFileReference; lastKnownFileType = file.storyboard; name = Base; path = Base.lproj/Main.storyboard; sourceTree = "<group>"; };
		7B10AE44192AF94700D20A8E /* ViewController.h */ = {isa = PBXFileReference; lastKnownFileType = sourcecode.c.h; path = ViewController.h; sourceTree = "<group>"; };
		7B10AE45192AF94700D20A8E /* ViewController.m */ = {isa = PBXFileReference; lastKnownFileType = sourcecode.c.objc; path = ViewController.m; sourceTree = "<group>"; };
		7B10AE47192AF94700D20A8E /* Images.xcassets */ = {isa = PBXFileReference; lastKnownFileType = folder.assetcatalog; path = Images.xcassets; sourceTree = "<group>"; };
		7B10AE4D192AF94700D20A8E /* TripleTriadTests.xctest */ = {isa = PBXFileReference; explicitFileType = wrapper.cfbundle; includeInIndex = 0; path = TripleTriadTests.xctest; sourceTree = BUILT_PRODUCTS_DIR; };
		7B10AE4E192AF94700D20A8E /* XCTest.framework */ = {isa = PBXFileReference; lastKnownFileType = wrapper.framework; name = XCTest.framework; path = Library/Frameworks/XCTest.framework; sourceTree = DEVELOPER_DIR; };
		7B10AE56192AF94700D20A8E /* TripleTriadTests-Info.plist */ = {isa = PBXFileReference; lastKnownFileType = text.plist.xml; path = "TripleTriadTests-Info.plist"; sourceTree = "<group>"; };
		7B10AE58192AF94700D20A8E /* en */ = {isa = PBXFileReference; lastKnownFileType = text.plist.strings; name = en; path = en.lproj/InfoPlist.strings; sourceTree = "<group>"; };
		7B10AE5A192AF94700D20A8E /* TripleTriadTests.m */ = {isa = PBXFileReference; lastKnownFileType = sourcecode.c.objc; path = TripleTriadTests.m; sourceTree = "<group>"; };
		7B10AE65192B29F900D20A8E /* board.png */ = {isa = PBXFileReference; lastKnownFileType = image.png; path = board.png; sourceTree = "<group>"; };
		7B10AE67192B29F900D20A8E /* 001-geezard.png */ = {isa = PBXFileReference; lastKnownFileType = image.png; path = "001-geezard.png"; sourceTree = "<group>"; };
		7B10AE68192B29F900D20A8E /* 002-funguar.png */ = {isa = PBXFileReference; lastKnownFileType = image.png; path = "002-funguar.png"; sourceTree = "<group>"; };
		7B10AE69192B29F900D20A8E /* 003-bite-bug.png */ = {isa = PBXFileReference; lastKnownFileType = image.png; path = "003-bite-bug.png"; sourceTree = "<group>"; };
		7B10AE6A192B29F900D20A8E /* 004-red-bat.png */ = {isa = PBXFileReference; lastKnownFileType = image.png; path = "004-red-bat.png"; sourceTree = "<group>"; };
		7B10AE6B192B29F900D20A8E /* 005-blobra.png */ = {isa = PBXFileReference; lastKnownFileType = image.png; path = "005-blobra.png"; sourceTree = "<group>"; };
		7B10AE6C192B29F900D20A8E /* 006-gayla.png */ = {isa = PBXFileReference; lastKnownFileType = image.png; path = "006-gayla.png"; sourceTree = "<group>"; };
		7B10AE6D192B29F900D20A8E /* 007-gesper.png */ = {isa = PBXFileReference; lastKnownFileType = image.png; path = "007-gesper.png"; sourceTree = "<group>"; };
		7B10AE6E192B29F900D20A8E /* 008-fastitocalon-f.png */ = {isa = PBXFileReference; lastKnownFileType = image.png; path = "008-fastitocalon-f.png"; sourceTree = "<group>"; };
		7B10AE6F192B29F900D20A8E /* 009-bloud-soul.png */ = {isa = PBXFileReference; lastKnownFileType = image.png; path = "009-bloud-soul.png"; sourceTree = "<group>"; };
		7B10AE70192B29F900D20A8E /* 010-caterchipillar.png */ = {isa = PBXFileReference; lastKnownFileType = image.png; path = "010-caterchipillar.png"; sourceTree = "<group>"; };
		7B10AE71192B29F900D20A8E /* 011-cockatrice.png */ = {isa = PBXFileReference; lastKnownFileType = image.png; path = "011-cockatrice.png"; sourceTree = "<group>"; };
		7B10AE72192B29F900D20A8E /* 012-grat.png */ = {isa = PBXFileReference; lastKnownFileType = image.png; path = "012-grat.png"; sourceTree = "<group>"; };
		7B10AE73192B29F900D20A8E /* 013-buel.png */ = {isa = PBXFileReference; lastKnownFileType = image.png; path = "013-buel.png"; sourceTree = "<group>"; };
		7B10AE74192B29F900D20A8E /* 014-mesmerize.png */ = {isa = PBXFileReference; lastKnownFileType = image.png; path = "014-mesmerize.png"; sourceTree = "<group>"; };
		7B10AE75192B29F900D20A8E /* 015-glacial-eye.png */ = {isa = PBXFileReference; lastKnownFileType = image.png; path = "015-glacial-eye.png"; sourceTree = "<group>"; };
		7B10AE76192B29F900D20A8E /* 016-belhelmel.png */ = {isa = PBXFileReference; lastKnownFileType = image.png; path = "016-belhelmel.png"; sourceTree = "<group>"; };
		7B10AE77192B29F900D20A8E /* 017-thrustaevis.png */ = {isa = PBXFileReference; lastKnownFileType = image.png; path = "017-thrustaevis.png"; sourceTree = "<group>"; };
		7B10AE78192B29F900D20A8E /* 018-anacondaur.png */ = {isa = PBXFileReference; lastKnownFileType = image.png; path = "018-anacondaur.png"; sourceTree = "<group>"; };
		7B10AE79192B29F900D20A8E /* 019-creeps.png */ = {isa = PBXFileReference; lastKnownFileType = image.png; path = "019-creeps.png"; sourceTree = "<group>"; };
		7B10AE7A192B29F900D20A8E /* 020-grendel.png */ = {isa = PBXFileReference; lastKnownFileType = image.png; path = "020-grendel.png"; sourceTree = "<group>"; };
		7B10AE7B192B29F900D20A8E /* 021-jelleye.png */ = {isa = PBXFileReference; lastKnownFileType = image.png; path = "021-jelleye.png"; sourceTree = "<group>"; };
		7B10AE7C192B29F900D20A8E /* 022-grand-mantis.png */ = {isa = PBXFileReference; lastKnownFileType = image.png; path = "022-grand-mantis.png"; sourceTree = "<group>"; };
		7B10AE7D192B29F900D20A8E /* 023-forbidden.png */ = {isa = PBXFileReference; lastKnownFileType = image.png; path = "023-forbidden.png"; sourceTree = "<group>"; };
		7B10AE7E192B29F900D20A8E /* 024-armadodo.png */ = {isa = PBXFileReference; lastKnownFileType = image.png; path = "024-armadodo.png"; sourceTree = "<group>"; };
		7B10AE7F192B29F900D20A8E /* 025-tri-face.png */ = {isa = PBXFileReference; lastKnownFileType = image.png; path = "025-tri-face.png"; sourceTree = "<group>"; };
		7B10AE80192B29F900D20A8E /* 026-fastitocalon.png */ = {isa = PBXFileReference; lastKnownFileType = image.png; path = "026-fastitocalon.png"; sourceTree = "<group>"; };
		7B10AE81192B29F900D20A8E /* 027-snow-lion.png */ = {isa = PBXFileReference; lastKnownFileType = image.png; path = "027-snow-lion.png"; sourceTree = "<group>"; };
		7B10AE82192B29F900D20A8E /* 028-ochu.png */ = {isa = PBXFileReference; lastKnownFileType = image.png; path = "028-ochu.png"; sourceTree = "<group>"; };
		7B10AE83192B29F900D20A8E /* 029-sam08g.png */ = {isa = PBXFileReference; lastKnownFileType = image.png; path = "029-sam08g.png"; sourceTree = "<group>"; };
		7B10AE84192B29F900D20A8E /* 030-death-claw.png */ = {isa = PBXFileReference; lastKnownFileType = image.png; path = "030-death-claw.png"; sourceTree = "<group>"; };
		7B10AE85192B29F900D20A8E /* 031-cactuar.png */ = {isa = PBXFileReference; lastKnownFileType = image.png; path = "031-cactuar.png"; sourceTree = "<group>"; };
		7B10AE86192B29F900D20A8E /* 032-tonberry.png */ = {isa = PBXFileReference; lastKnownFileType = image.png; path = "032-tonberry.png"; sourceTree = "<group>"; };
		7B10AE87192B29F900D20A8E /* 033-abyss-worm.png */ = {isa = PBXFileReference; lastKnownFileType = image.png; path = "033-abyss-worm.png"; sourceTree = "<group>"; };
		7B10AE88192B29F900D20A8E /* 034-turtapod.png */ = {isa = PBXFileReference; lastKnownFileType = image.png; path = "034-turtapod.png"; sourceTree = "<group>"; };
		7B10AE89192B29F900D20A8E /* 035-vysage.png */ = {isa = PBXFileReference; lastKnownFileType = image.png; path = "035-vysage.png"; sourceTree = "<group>"; };
		7B10AE8A192B29F900D20A8E /* 036-t-rexaur.png */ = {isa = PBXFileReference; lastKnownFileType = image.png; path = "036-t-rexaur.png"; sourceTree = "<group>"; };
		7B10AE8B192B29F900D20A8E /* 037-bomb.png */ = {isa = PBXFileReference; lastKnownFileType = image.png; path = "037-bomb.png"; sourceTree = "<group>"; };
		7B10AE8C192B29F900D20A8E /* 038-blitz.png */ = {isa = PBXFileReference; lastKnownFileType = image.png; path = "038-blitz.png"; sourceTree = "<group>"; };
		7B10AE8D192B29F900D20A8E /* 039-wendigo.png */ = {isa = PBXFileReference; lastKnownFileType = image.png; path = "039-wendigo.png"; sourceTree = "<group>"; };
		7B10AE8E192B29F900D20A8E /* 040-torama.png */ = {isa = PBXFileReference; lastKnownFileType = image.png; path = "040-torama.png"; sourceTree = "<group>"; };
		7B10AE8F192B29F900D20A8E /* 041-imp.png */ = {isa = PBXFileReference; lastKnownFileType = image.png; path = "041-imp.png"; sourceTree = "<group>"; };
		7B10AE90192B29F900D20A8E /* 042-blue-dragon.png */ = {isa = PBXFileReference; lastKnownFileType = image.png; path = "042-blue-dragon.png"; sourceTree = "<group>"; };
		7B10AE91192B29F900D20A8E /* 043-adamantoise.png */ = {isa = PBXFileReference; lastKnownFileType = image.png; path = "043-adamantoise.png"; sourceTree = "<group>"; };
		7B10AE92192B29F900D20A8E /* 044-hexadragon.png */ = {isa = PBXFileReference; lastKnownFileType = image.png; path = "044-hexadragon.png"; sourceTree = "<group>"; };
		7B10AE93192B29F900D20A8E /* 045-iron-giant.png */ = {isa = PBXFileReference; lastKnownFileType = image.png; path = "045-iron-giant.png"; sourceTree = "<group>"; };
		7B10AE94192B29F900D20A8E /* 046-behemoth.png */ = {isa = PBXFileReference; lastKnownFileType = image.png; path = "046-behemoth.png"; sourceTree = "<group>"; };
		7B10AE95192B29F900D20A8E /* 047-chimera.png */ = {isa = PBXFileReference; lastKnownFileType = image.png; path = "047-chimera.png"; sourceTree = "<group>"; };
		7B10AE96192B29F900D20A8E /* 048-pu-pu.png */ = {isa = PBXFileReference; lastKnownFileType = image.png; path = "048-pu-pu.png"; sourceTree = "<group>"; };
		7B10AE97192B29F900D20A8E /* 049-elastoid.png */ = {isa = PBXFileReference; lastKnownFileType = image.png; path = "049-elastoid.png"; sourceTree = "<group>"; };
		7B10AE98192B29F900D20A8E /* 050-gim47n.png */ = {isa = PBXFileReference; lastKnownFileType = image.png; path = "050-gim47n.png"; sourceTree = "<group>"; };
		7B10AE99192B29F900D20A8E /* 051-malboro.png */ = {isa = PBXFileReference; lastKnownFileType = image.png; path = "051-malboro.png"; sourceTree = "<group>"; };
		7B10AE9A192B29F900D20A8E /* 052-ruby-dragon.png */ = {isa = PBXFileReference; lastKnownFileType = image.png; path = "052-ruby-dragon.png"; sourceTree = "<group>"; };
		7B10AE9B192B29F900D20A8E /* 053-elnoyle.png */ = {isa = PBXFileReference; lastKnownFileType = image.png; path = "053-elnoyle.png"; sourceTree = "<group>"; };
		7B10AE9C192B29F900D20A8E /* 054-tonberry-king.png */ = {isa = PBXFileReference; lastKnownFileType = image.png; path = "054-tonberry-king.png"; sourceTree = "<group>"; };
		7B10AE9D192B29F900D20A8E /* 055-biggs-wedge.png */ = {isa = PBXFileReference; lastKnownFileType = image.png; path = "055-biggs-wedge.png"; sourceTree = "<group>"; };
		7B10AE9E192B29F900D20A8E /* 056-fujin-raijin.png */ = {isa = PBXFileReference; lastKnownFileType = image.png; path = "056-fujin-raijin.png"; sourceTree = "<group>"; };
		7B10AE9F192B29F900D20A8E /* 057-elvoret.png */ = {isa = PBXFileReference; lastKnownFileType = image.png; path = "057-elvoret.png"; sourceTree = "<group>"; };
		7B10AEA0192B29F900D20A8E /* 058-x-atm092.png */ = {isa = PBXFileReference; lastKnownFileType = image.png; path = "058-x-atm092.png"; sourceTree = "<group>"; };
		7B10AEA1192B29F900D20A8E /* 059-granaldo.png */ = {isa = PBXFileReference; lastKnownFileType = image.png; path = "059-granaldo.png"; sourceTree = "<group>"; };
		7B10AEA2192B29F900D20A8E /* 060-gerogero.png */ = {isa = PBXFileReference; lastKnownFileType = image.png; path = "060-gerogero.png"; sourceTree = "<group>"; };
		7B10AEA3192B29F900D20A8E /* 061-iguion.png */ = {isa = PBXFileReference; lastKnownFileType = image.png; path = "061-iguion.png"; sourceTree = "<group>"; };
		7B10AEA4192B29F900D20A8E /* 062-abaddon.png */ = {isa = PBXFileReference; lastKnownFileType = image.png; path = "062-abaddon.png"; sourceTree = "<group>"; };
		7B10AEA5192B29F900D20A8E /* 063-trauma.png */ = {isa = PBXFileReference; lastKnownFileType = image.png; path = "063-trauma.png"; sourceTree = "<group>"; };
		7B10AEA6192B29F900D20A8E /* 064-oilboyle.png */ = {isa = PBXFileReference; lastKnownFileType = image.png; path = "064-oilboyle.png"; sourceTree = "<group>"; };
		7B10AEA7192B29F900D20A8E /* 065-norg.png */ = {isa = PBXFileReference; lastKnownFileType = image.png; path = "065-norg.png"; sourceTree = "<group>"; };
		7B10AEA8192B29F900D20A8E /* 066-krysta.png */ = {isa = PBXFileReference; lastKnownFileType = image.png; path = "066-krysta.png"; sourceTree = "<group>"; };
		7B10AEA9192B29F900D20A8E /* 067-propagator.png */ = {isa = PBXFileReference; lastKnownFileType = image.png; path = "067-propagator.png"; sourceTree = "<group>"; };
		7B10AEAA192B29F900D20A8E /* 068-jumbo-cactuar.png */ = {isa = PBXFileReference; lastKnownFileType = image.png; path = "068-jumbo-cactuar.png"; sourceTree = "<group>"; };
		7B10AEAB192B29F900D20A8E /* 069-tri-point.png */ = {isa = PBXFileReference; lastKnownFileType = image.png; path = "069-tri-point.png"; sourceTree = "<group>"; };
		7B10AEAC192B29F900D20A8E /* 070-gargantua.png */ = {isa = PBXFileReference; lastKnownFileType = image.png; path = "070-gargantua.png"; sourceTree = "<group>"; };
		7B10AEAD192B29F900D20A8E /* 071-mobile-type8.png */ = {isa = PBXFileReference; lastKnownFileType = image.png; path = "071-mobile-type8.png"; sourceTree = "<group>"; };
		7B10AEAE192B29F900D20A8E /* 072-sphinxaur.png */ = {isa = PBXFileReference; lastKnownFileType = image.png; path = "072-sphinxaur.png"; sourceTree = "<group>"; };
		7B10AEAF192B29F900D20A8E /* 073-tiamat.png */ = {isa = PBXFileReference; lastKnownFileType = image.png; path = "073-tiamat.png"; sourceTree = "<group>"; };
		7B10AEB0192B29F900D20A8E /* 074-bgh251f2.png */ = {isa = PBXFileReference; lastKnownFileType = image.png; path = "074-bgh251f2.png"; sourceTree = "<group>"; };
		7B10AEB1192B29F900D20A8E /* 075-red-giant.png */ = {isa = PBXFileReference; lastKnownFileType = image.png; path = "075-red-giant.png"; sourceTree = "<group>"; };
		7B10AEB2192B29F900D20A8E /* 076-catoblepas.png */ = {isa = PBXFileReference; lastKnownFileType = image.png; path = "076-catoblepas.png"; sourceTree = "<group>"; };
		7B10AEB3192B29F900D20A8E /* 077-ultima-weapon.png */ = {isa = PBXFileReference; lastKnownFileType = image.png; path = "077-ultima-weapon.png"; sourceTree = "<group>"; };
		7B10AEB4192B29F900D20A8E /* 078-chubby-chocobo.png */ = {isa = PBXFileReference; lastKnownFileType = image.png; path = "078-chubby-chocobo.png"; sourceTree = "<group>"; };
		7B10AEB5192B29F900D20A8E /* 079-angelo.png */ = {isa = PBXFileReference; lastKnownFileType = image.png; path = "079-angelo.png"; sourceTree = "<group>"; };
		7B10AEB6192B29F900D20A8E /* 080-gilgamesh.png */ = {isa = PBXFileReference; lastKnownFileType = image.png; path = "080-gilgamesh.png"; sourceTree = "<group>"; };
		7B10AEB7192B29F900D20A8E /* 081-mini-mog.png */ = {isa = PBXFileReference; lastKnownFileType = image.png; path = "081-mini-mog.png"; sourceTree = "<group>"; };
		7B10AEB8192B29F900D20A8E /* 082-chocobo.png */ = {isa = PBXFileReference; lastKnownFileType = image.png; path = "082-chocobo.png"; sourceTree = "<group>"; };
		7B10AEB9192B29F900D20A8E /* 083-quezacotl.png */ = {isa = PBXFileReference; lastKnownFileType = image.png; path = "083-quezacotl.png"; sourceTree = "<group>"; };
		7B10AEBA192B29F900D20A8E /* 084-shiva.png */ = {isa = PBXFileReference; lastKnownFileType = image.png; path = "084-shiva.png"; sourceTree = "<group>"; };
		7B10AEBB192B29F900D20A8E /* 085-ifrit.png */ = {isa = PBXFileReference; lastKnownFileType = image.png; path = "085-ifrit.png"; sourceTree = "<group>"; };
		7B10AEBC192B29F900D20A8E /* 086-siren.png */ = {isa = PBXFileReference; lastKnownFileType = image.png; path = "086-siren.png"; sourceTree = "<group>"; };
		7B10AEBD192B29F900D20A8E /* 087-sacred.png */ = {isa = PBXFileReference; lastKnownFileType = image.png; path = "087-sacred.png"; sourceTree = "<group>"; };
		7B10AEBE192B29F900D20A8E /* 088-minotaur.png */ = {isa = PBXFileReference; lastKnownFileType = image.png; path = "088-minotaur.png"; sourceTree = "<group>"; };
		7B10AEBF192B29F900D20A8E /* 089-carbuncle.png */ = {isa = PBXFileReference; lastKnownFileType = image.png; path = "089-carbuncle.png"; sourceTree = "<group>"; };
		7B10AEC0192B29F900D20A8E /* 090-diablos.png */ = {isa = PBXFileReference; lastKnownFileType = image.png; path = "090-diablos.png"; sourceTree = "<group>"; };
		7B10AEC1192B29F900D20A8E /* 091-leviathan.png */ = {isa = PBXFileReference; lastKnownFileType = image.png; path = "091-leviathan.png"; sourceTree = "<group>"; };
		7B10AEC2192B29F900D20A8E /* 092-odin.png */ = {isa = PBXFileReference; lastKnownFileType = image.png; path = "092-odin.png"; sourceTree = "<group>"; };
		7B10AEC3192B29F900D20A8E /* 093-pandemona.png */ = {isa = PBXFileReference; lastKnownFileType = image.png; path = "093-pandemona.png"; sourceTree = "<group>"; };
		7B10AEC4192B29F900D20A8E /* 094-cerberus.png */ = {isa = PBXFileReference; lastKnownFileType = image.png; path = "094-cerberus.png"; sourceTree = "<group>"; };
		7B10AEC5192B29F900D20A8E /* 095-alexander.png */ = {isa = PBXFileReference; lastKnownFileType = image.png; path = "095-alexander.png"; sourceTree = "<group>"; };
		7B10AEC6192B29F900D20A8E /* 096-phoenix.png */ = {isa = PBXFileReference; lastKnownFileType = image.png; path = "096-phoenix.png"; sourceTree = "<group>"; };
		7B10AEC7192B29F900D20A8E /* 097-bahamut.png */ = {isa = PBXFileReference; lastKnownFileType = image.png; path = "097-bahamut.png"; sourceTree = "<group>"; };
		7B10AEC8192B29F900D20A8E /* 098-doomtrain.png */ = {isa = PBXFileReference; lastKnownFileType = image.png; path = "098-doomtrain.png"; sourceTree = "<group>"; };
		7B10AEC9192B29F900D20A8E /* 099-eden.png */ = {isa = PBXFileReference; lastKnownFileType = image.png; path = "099-eden.png"; sourceTree = "<group>"; };
		7B10AECA192B29F900D20A8E /* 100-ward.png */ = {isa = PBXFileReference; lastKnownFileType = image.png; path = "100-ward.png"; sourceTree = "<group>"; };
		7B10AECB192B29F900D20A8E /* 101-kiros.png */ = {isa = PBXFileReference; lastKnownFileType = image.png; path = "101-kiros.png"; sourceTree = "<group>"; };
		7B10AECC192B29F900D20A8E /* 102-laguna.png */ = {isa = PBXFileReference; lastKnownFileType = image.png; path = "102-laguna.png"; sourceTree = "<group>"; };
		7B10AECD192B29F900D20A8E /* 103-selphie.png */ = {isa = PBXFileReference; lastKnownFileType = image.png; path = "103-selphie.png"; sourceTree = "<group>"; };
		7B10AECE192B29F900D20A8E /* 104-quistis.png */ = {isa = PBXFileReference; lastKnownFileType = image.png; path = "104-quistis.png"; sourceTree = "<group>"; };
		7B10AECF192B29F900D20A8E /* 105-irvine.png */ = {isa = PBXFileReference; lastKnownFileType = image.png; path = "105-irvine.png"; sourceTree = "<group>"; };
		7B10AED0192B29F900D20A8E /* 106-zell.png */ = {isa = PBXFileReference; lastKnownFileType = image.png; path = "106-zell.png"; sourceTree = "<group>"; };
		7B10AED1192B29F900D20A8E /* 107-rinoa.png */ = {isa = PBXFileReference; lastKnownFileType = image.png; path = "107-rinoa.png"; sourceTree = "<group>"; };
		7B10AED2192B29F900D20A8E /* 108-edea.png */ = {isa = PBXFileReference; lastKnownFileType = image.png; path = "108-edea.png"; sourceTree = "<group>"; };
		7B10AED3192B29F900D20A8E /* 109-seifer.png */ = {isa = PBXFileReference; lastKnownFileType = image.png; path = "109-seifer.png"; sourceTree = "<group>"; };
		7B10AED4192B29F900D20A8E /* 110-squall.png */ = {isa = PBXFileReference; lastKnownFileType = image.png; path = "110-squall.png"; sourceTree = "<group>"; };
		7B1AF194192B97560057A2A5 /* Board.h */ = {isa = PBXFileReference; fileEncoding = 4; lastKnownFileType = sourcecode.c.h; path = Board.h; sourceTree = "<group>"; };
		7B1AF195192B97560057A2A5 /* Board.m */ = {isa = PBXFileReference; fileEncoding = 4; lastKnownFileType = sourcecode.c.objc; path = Board.m; sourceTree = "<group>"; };
		7B1AF197192B97750057A2A5 /* Card.h */ = {isa = PBXFileReference; fileEncoding = 4; lastKnownFileType = sourcecode.c.h; path = Card.h; sourceTree = "<group>"; };
		7B1AF198192B97750057A2A5 /* Card.m */ = {isa = PBXFileReference; fileEncoding = 4; lastKnownFileType = sourcecode.c.objc; path = Card.m; sourceTree = "<group>"; };
		7B1AF19A192C09A10057A2A5 /* Deck.h */ = {isa = PBXFileReference; fileEncoding = 4; lastKnownFileType = sourcecode.c.h; path = Deck.h; sourceTree = "<group>"; };
		7B1AF19B192C09A10057A2A5 /* Deck.m */ = {isa = PBXFileReference; fileEncoding = 4; lastKnownFileType = sourcecode.c.objc; path = Deck.m; sourceTree = "<group>"; };
		7B1AF19D192C0A490057A2A5 /* Game.h */ = {isa = PBXFileReference; fileEncoding = 4; lastKnownFileType = sourcecode.c.h; path = Game.h; sourceTree = "<group>"; };
		7B1AF19E192C0A490057A2A5 /* Game.m */ = {isa = PBXFileReference; fileEncoding = 4; lastKnownFileType = sourcecode.c.objc; path = Game.m; sourceTree = "<group>"; };
		7B1AF1A0192C6EC50057A2A5 /* Player.h */ = {isa = PBXFileReference; fileEncoding = 4; lastKnownFileType = sourcecode.c.h; path = Player.h; sourceTree = "<group>"; };
		7B1AF1A1192C6EC50057A2A5 /* Player.m */ = {isa = PBXFileReference; fileEncoding = 4; lastKnownFileType = sourcecode.c.objc; path = Player.m; sourceTree = "<group>"; };
/* End PBXFileReference section */

/* Begin PBXFrameworksBuildPhase section */
		7B10AE29192AF94700D20A8E /* Frameworks */ = {
			isa = PBXFrameworksBuildPhase;
			buildActionMask = 2147483647;
			files = (
				7B10AE32192AF94700D20A8E /* CoreGraphics.framework in Frameworks */,
				7B10AE34192AF94700D20A8E /* UIKit.framework in Frameworks */,
				7B10AE30192AF94700D20A8E /* Foundation.framework in Frameworks */,
			);
			runOnlyForDeploymentPostprocessing = 0;
		};
		7B10AE4A192AF94700D20A8E /* Frameworks */ = {
			isa = PBXFrameworksBuildPhase;
			buildActionMask = 2147483647;
			files = (
				7B10AE4F192AF94700D20A8E /* XCTest.framework in Frameworks */,
				7B10AE51192AF94700D20A8E /* UIKit.framework in Frameworks */,
				7B10AE50192AF94700D20A8E /* Foundation.framework in Frameworks */,
			);
			runOnlyForDeploymentPostprocessing = 0;
		};
/* End PBXFrameworksBuildPhase section */

/* Begin PBXGroup section */
		7B10AE23192AF94700D20A8E = {
			isa = PBXGroup;
			children = (
				7B10AE35192AF94700D20A8E /* TripleTriad */,
				7B10AE54192AF94700D20A8E /* TripleTriadTests */,
				7B10AE2E192AF94700D20A8E /* Frameworks */,
				7B10AE2D192AF94700D20A8E /* Products */,
			);
			sourceTree = "<group>";
		};
		7B10AE2D192AF94700D20A8E /* Products */ = {
			isa = PBXGroup;
			children = (
				7B10AE2C192AF94700D20A8E /* TripleTriad.app */,
				7B10AE4D192AF94700D20A8E /* TripleTriadTests.xctest */,
			);
			name = Products;
			sourceTree = "<group>";
		};
		7B10AE2E192AF94700D20A8E /* Frameworks */ = {
			isa = PBXGroup;
			children = (
				7B10AE2F192AF94700D20A8E /* Foundation.framework */,
				7B10AE31192AF94700D20A8E /* CoreGraphics.framework */,
				7B10AE33192AF94700D20A8E /* UIKit.framework */,
				7B10AE4E192AF94700D20A8E /* XCTest.framework */,
			);
			name = Frameworks;
			sourceTree = "<group>";
		};
		7B10AE35192AF94700D20A8E /* TripleTriad */ = {
			isa = PBXGroup;
			children = (
				7B10AE64192B29F900D20A8E /* Images */,
				7B10AE3E192AF94700D20A8E /* AppDelegate.h */,
				7B10AE3F192AF94700D20A8E /* AppDelegate.m */,
				7B10AE41192AF94700D20A8E /* Main.storyboard */,
				7B10AE44192AF94700D20A8E /* ViewController.h */,
				7B10AE45192AF94700D20A8E /* ViewController.m */,
				7B10AE47192AF94700D20A8E /* Images.xcassets */,
				7B10AE36192AF94700D20A8E /* Supporting Files */,
				7B1AF194192B97560057A2A5 /* Board.h */,
				7B1AF195192B97560057A2A5 /* Board.m */,
				7B1AF197192B97750057A2A5 /* Card.h */,
				7B1AF198192B97750057A2A5 /* Card.m */,
				7B1AF19A192C09A10057A2A5 /* Deck.h */,
				7B1AF19B192C09A10057A2A5 /* Deck.m */,
				7B1AF19D192C0A490057A2A5 /* Game.h */,
				7B1AF19E192C0A490057A2A5 /* Game.m */,
				7B1AF1A0192C6EC50057A2A5 /* Player.h */,
				7B1AF1A1192C6EC50057A2A5 /* Player.m */,
			);
			path = TripleTriad;
			sourceTree = "<group>";
		};
		7B10AE36192AF94700D20A8E /* Supporting Files */ = {
			isa = PBXGroup;
			children = (
				7B10AE37192AF94700D20A8E /* TripleTriad-Info.plist */,
				7B10AE38192AF94700D20A8E /* InfoPlist.strings */,
				7B10AE3B192AF94700D20A8E /* main.m */,
				7B10AE3D192AF94700D20A8E /* TripleTriad-Prefix.pch */,
			);
			name = "Supporting Files";
			sourceTree = "<group>";
		};
		7B10AE54192AF94700D20A8E /* TripleTriadTests */ = {
			isa = PBXGroup;
			children = (
				7B10AE5A192AF94700D20A8E /* TripleTriadTests.m */,
				7B10AE55192AF94700D20A8E /* Supporting Files */,
			);
			path = TripleTriadTests;
			sourceTree = "<group>";
		};
		7B10AE55192AF94700D20A8E /* Supporting Files */ = {
			isa = PBXGroup;
			children = (
				7B10AE56192AF94700D20A8E /* TripleTriadTests-Info.plist */,
				7B10AE57192AF94700D20A8E /* InfoPlist.strings */,
			);
			name = "Supporting Files";
			sourceTree = "<group>";
		};
		7B10AE64192B29F900D20A8E /* Images */ = {
			isa = PBXGroup;
			children = (
				7B10AE65192B29F900D20A8E /* board.png */,
				7B10AE66192B29F900D20A8E /* Cards */,
			);
			path = Images;
			sourceTree = "<group>";
		};
		7B10AE66192B29F900D20A8E /* Cards */ = {
			isa = PBXGroup;
			children = (
				7B10AE67192B29F900D20A8E /* 001-geezard.png */,
				7B10AE68192B29F900D20A8E /* 002-funguar.png */,
				7B10AE69192B29F900D20A8E /* 003-bite-bug.png */,
				7B10AE6A192B29F900D20A8E /* 004-red-bat.png */,
				7B10AE6B192B29F900D20A8E /* 005-blobra.png */,
				7B10AE6C192B29F900D20A8E /* 006-gayla.png */,
				7B10AE6D192B29F900D20A8E /* 007-gesper.png */,
				7B10AE6E192B29F900D20A8E /* 008-fastitocalon-f.png */,
				7B10AE6F192B29F900D20A8E /* 009-bloud-soul.png */,
				7B10AE70192B29F900D20A8E /* 010-caterchipillar.png */,
				7B10AE71192B29F900D20A8E /* 011-cockatrice.png */,
				7B10AE72192B29F900D20A8E /* 012-grat.png */,
				7B10AE73192B29F900D20A8E /* 013-buel.png */,
				7B10AE74192B29F900D20A8E /* 014-mesmerize.png */,
				7B10AE75192B29F900D20A8E /* 015-glacial-eye.png */,
				7B10AE76192B29F900D20A8E /* 016-belhelmel.png */,
				7B10AE77192B29F900D20A8E /* 017-thrustaevis.png */,
				7B10AE78192B29F900D20A8E /* 018-anacondaur.png */,
				7B10AE79192B29F900D20A8E /* 019-creeps.png */,
				7B10AE7A192B29F900D20A8E /* 020-grendel.png */,
				7B10AE7B192B29F900D20A8E /* 021-jelleye.png */,
				7B10AE7C192B29F900D20A8E /* 022-grand-mantis.png */,
				7B10AE7D192B29F900D20A8E /* 023-forbidden.png */,
				7B10AE7E192B29F900D20A8E /* 024-armadodo.png */,
				7B10AE7F192B29F900D20A8E /* 025-tri-face.png */,
				7B10AE80192B29F900D20A8E /* 026-fastitocalon.png */,
				7B10AE81192B29F900D20A8E /* 027-snow-lion.png */,
				7B10AE82192B29F900D20A8E /* 028-ochu.png */,
				7B10AE83192B29F900D20A8E /* 029-sam08g.png */,
				7B10AE84192B29F900D20A8E /* 030-death-claw.png */,
				7B10AE85192B29F900D20A8E /* 031-cactuar.png */,
				7B10AE86192B29F900D20A8E /* 032-tonberry.png */,
				7B10AE87192B29F900D20A8E /* 033-abyss-worm.png */,
				7B10AE88192B29F900D20A8E /* 034-turtapod.png */,
				7B10AE89192B29F900D20A8E /* 035-vysage.png */,
				7B10AE8A192B29F900D20A8E /* 036-t-rexaur.png */,
				7B10AE8B192B29F900D20A8E /* 037-bomb.png */,
				7B10AE8C192B29F900D20A8E /* 038-blitz.png */,
				7B10AE8D192B29F900D20A8E /* 039-wendigo.png */,
				7B10AE8E192B29F900D20A8E /* 040-torama.png */,
				7B10AE8F192B29F900D20A8E /* 041-imp.png */,
				7B10AE90192B29F900D20A8E /* 042-blue-dragon.png */,
				7B10AE91192B29F900D20A8E /* 043-adamantoise.png */,
				7B10AE92192B29F900D20A8E /* 044-hexadragon.png */,
				7B10AE93192B29F900D20A8E /* 045-iron-giant.png */,
				7B10AE94192B29F900D20A8E /* 046-behemoth.png */,
				7B10AE95192B29F900D20A8E /* 047-chimera.png */,
				7B10AE96192B29F900D20A8E /* 048-pu-pu.png */,
				7B10AE97192B29F900D20A8E /* 049-elastoid.png */,
				7B10AE98192B29F900D20A8E /* 050-gim47n.png */,
				7B10AE99192B29F900D20A8E /* 051-malboro.png */,
				7B10AE9A192B29F900D20A8E /* 052-ruby-dragon.png */,
				7B10AE9B192B29F900D20A8E /* 053-elnoyle.png */,
				7B10AE9C192B29F900D20A8E /* 054-tonberry-king.png */,
				7B10AE9D192B29F900D20A8E /* 055-biggs-wedge.png */,
				7B10AE9E192B29F900D20A8E /* 056-fujin-raijin.png */,
				7B10AE9F192B29F900D20A8E /* 057-elvoret.png */,
				7B10AEA0192B29F900D20A8E /* 058-x-atm092.png */,
				7B10AEA1192B29F900D20A8E /* 059-granaldo.png */,
				7B10AEA2192B29F900D20A8E /* 060-gerogero.png */,
				7B10AEA3192B29F900D20A8E /* 061-iguion.png */,
				7B10AEA4192B29F900D20A8E /* 062-abaddon.png */,
				7B10AEA5192B29F900D20A8E /* 063-trauma.png */,
				7B10AEA6192B29F900D20A8E /* 064-oilboyle.png */,
				7B10AEA7192B29F900D20A8E /* 065-norg.png */,
				7B10AEA8192B29F900D20A8E /* 066-krysta.png */,
				7B10AEA9192B29F900D20A8E /* 067-propagator.png */,
				7B10AEAA192B29F900D20A8E /* 068-jumbo-cactuar.png */,
				7B10AEAB192B29F900D20A8E /* 069-tri-point.png */,
				7B10AEAC192B29F900D20A8E /* 070-gargantua.png */,
				7B10AEAD192B29F900D20A8E /* 071-mobile-type8.png */,
				7B10AEAE192B29F900D20A8E /* 072-sphinxaur.png */,
				7B10AEAF192B29F900D20A8E /* 073-tiamat.png */,
				7B10AEB0192B29F900D20A8E /* 074-bgh251f2.png */,
				7B10AEB1192B29F900D20A8E /* 075-red-giant.png */,
				7B10AEB2192B29F900D20A8E /* 076-catoblepas.png */,
				7B10AEB3192B29F900D20A8E /* 077-ultima-weapon.png */,
				7B10AEB4192B29F900D20A8E /* 078-chubby-chocobo.png */,
				7B10AEB5192B29F900D20A8E /* 079-angelo.png */,
				7B10AEB6192B29F900D20A8E /* 080-gilgamesh.png */,
				7B10AEB7192B29F900D20A8E /* 081-mini-mog.png */,
				7B10AEB8192B29F900D20A8E /* 082-chocobo.png */,
				7B10AEB9192B29F900D20A8E /* 083-quezacotl.png */,
				7B10AEBA192B29F900D20A8E /* 084-shiva.png */,
				7B10AEBB192B29F900D20A8E /* 085-ifrit.png */,
				7B10AEBC192B29F900D20A8E /* 086-siren.png */,
				7B10AEBD192B29F900D20A8E /* 087-sacred.png */,
				7B10AEBE192B29F900D20A8E /* 088-minotaur.png */,
				7B10AEBF192B29F900D20A8E /* 089-carbuncle.png */,
				7B10AEC0192B29F900D20A8E /* 090-diablos.png */,
				7B10AEC1192B29F900D20A8E /* 091-leviathan.png */,
				7B10AEC2192B29F900D20A8E /* 092-odin.png */,
				7B10AEC3192B29F900D20A8E /* 093-pandemona.png */,
				7B10AEC4192B29F900D20A8E /* 094-cerberus.png */,
				7B10AEC5192B29F900D20A8E /* 095-alexander.png */,
				7B10AEC6192B29F900D20A8E /* 096-phoenix.png */,
				7B10AEC7192B29F900D20A8E /* 097-bahamut.png */,
				7B10AEC8192B29F900D20A8E /* 098-doomtrain.png */,
				7B10AEC9192B29F900D20A8E /* 099-eden.png */,
				7B10AECA192B29F900D20A8E /* 100-ward.png */,
				7B10AECB192B29F900D20A8E /* 101-kiros.png */,
				7B10AECC192B29F900D20A8E /* 102-laguna.png */,
				7B10AECD192B29F900D20A8E /* 103-selphie.png */,
				7B10AECE192B29F900D20A8E /* 104-quistis.png */,
				7B10AECF192B29F900D20A8E /* 105-irvine.png */,
				7B10AED0192B29F900D20A8E /* 106-zell.png */,
				7B10AED1192B29F900D20A8E /* 107-rinoa.png */,
				7B10AED2192B29F900D20A8E /* 108-edea.png */,
				7B10AED3192B29F900D20A8E /* 109-seifer.png */,
				7B10AED4192B29F900D20A8E /* 110-squall.png */,
			);
			path = Cards;
			sourceTree = "<group>";
		};
/* End PBXGroup section */

/* Begin PBXNativeTarget section */
		7B10AE2B192AF94700D20A8E /* TripleTriad */ = {
			isa = PBXNativeTarget;
			buildConfigurationList = 7B10AE5E192AF94700D20A8E /* Build configuration list for PBXNativeTarget "TripleTriad" */;
			buildPhases = (
				7B10AE28192AF94700D20A8E /* Sources */,
				7B10AE29192AF94700D20A8E /* Frameworks */,
				7B10AE2A192AF94700D20A8E /* Resources */,
			);
			buildRules = (
			);
			dependencies = (
			);
			name = TripleTriad;
			productName = TripleTriad;
			productReference = 7B10AE2C192AF94700D20A8E /* TripleTriad.app */;
			productType = "com.apple.product-type.application";
		};
		7B10AE4C192AF94700D20A8E /* TripleTriadTests */ = {
			isa = PBXNativeTarget;
			buildConfigurationList = 7B10AE61192AF94700D20A8E /* Build configuration list for PBXNativeTarget "TripleTriadTests" */;
			buildPhases = (
				7B10AE49192AF94700D20A8E /* Sources */,
				7B10AE4A192AF94700D20A8E /* Frameworks */,
				7B10AE4B192AF94700D20A8E /* Resources */,
			);
			buildRules = (
			);
			dependencies = (
				7B10AE53192AF94700D20A8E /* PBXTargetDependency */,
			);
			name = TripleTriadTests;
			productName = TripleTriadTests;
			productReference = 7B10AE4D192AF94700D20A8E /* TripleTriadTests.xctest */;
			productType = "com.apple.product-type.bundle.unit-test";
		};
/* End PBXNativeTarget section */

/* Begin PBXProject section */
		7B10AE24192AF94700D20A8E /* Project object */ = {
			isa = PBXProject;
			attributes = {
				LastUpgradeCheck = 0510;
				ORGANIZATIONNAME = "Sean Eshbaugh";
				TargetAttributes = {
					7B10AE4C192AF94700D20A8E = {
						TestTargetID = 7B10AE2B192AF94700D20A8E;
					};
				};
			};
			buildConfigurationList = 7B10AE27192AF94700D20A8E /* Build configuration list for PBXProject "TripleTriad" */;
			compatibilityVersion = "Xcode 3.2";
			developmentRegion = English;
			hasScannedForEncodings = 0;
			knownRegions = (
				en,
				Base,
			);
			mainGroup = 7B10AE23192AF94700D20A8E;
			productRefGroup = 7B10AE2D192AF94700D20A8E /* Products */;
			projectDirPath = "";
			projectRoot = "";
			targets = (
				7B10AE2B192AF94700D20A8E /* TripleTriad */,
				7B10AE4C192AF94700D20A8E /* TripleTriadTests */,
			);
		};
/* End PBXProject section */

/* Begin PBXResourcesBuildPhase section */
		7B10AE2A192AF94700D20A8E /* Resources */ = {
			isa = PBXResourcesBuildPhase;
			buildActionMask = 2147483647;
			files = (
				7B10AF13192B29FA00D20A8E /* 062-abaddon.png in Resources */,
				7B10AEDF192B29FA00D20A8E /* 010-caterchipillar.png in Resources */,
				7B10AEE8192B29FA00D20A8E /* 019-creeps.png in Resources */,
				7B10AF2C192B29FA00D20A8E /* 087-sacred.png in Resources */,
				7B10AEF7192B29FA00D20A8E /* 034-turtapod.png in Resources */,
				7B10AF17192B29FA00D20A8E /* 066-krysta.png in Resources */,
				7B10AF04192B29FA00D20A8E /* 047-chimera.png in Resources */,
				7B10AF3E192B29FA00D20A8E /* 105-irvine.png in Resources */,
				7B10AF3F192B29FA00D20A8E /* 106-zell.png in Resources */,
				7B10AF15192B29FA00D20A8E /* 064-oilboyle.png in Resources */,
				7B10AF05192B29FA00D20A8E /* 048-pu-pu.png in Resources */,
				7B10AEE9192B29FA00D20A8E /* 020-grendel.png in Resources */,
				7B10AEF6192B29FA00D20A8E /* 033-abyss-worm.png in Resources */,
				7B10AEEF192B29FA00D20A8E /* 026-fastitocalon.png in Resources */,
				7B10AEE2192B29FA00D20A8E /* 013-buel.png in Resources */,
				7B10AF00192B29FA00D20A8E /* 043-adamantoise.png in Resources */,
				7B10AF2F192B29FA00D20A8E /* 090-diablos.png in Resources */,
				7B10AF3A192B29FA00D20A8E /* 101-kiros.png in Resources */,
				7B10AF02192B29FA00D20A8E /* 045-iron-giant.png in Resources */,
				7B10AF2B192B29FA00D20A8E /* 086-siren.png in Resources */,
				7B10AF35192B29FA00D20A8E /* 096-phoenix.png in Resources */,
				7B10AF40192B29FA00D20A8E /* 107-rinoa.png in Resources */,
				7B10AED6192B29FA00D20A8E /* 001-geezard.png in Resources */,
				7B10AED7192B29FA00D20A8E /* 002-funguar.png in Resources */,
				7B10AED9192B29FA00D20A8E /* 004-red-bat.png in Resources */,
				7B10AF2D192B29FA00D20A8E /* 088-minotaur.png in Resources */,
				7B10AF30192B29FA00D20A8E /* 091-leviathan.png in Resources */,
				7B10AEFE192B29FA00D20A8E /* 041-imp.png in Resources */,
				7B10AF07192B29FA00D20A8E /* 050-gim47n.png in Resources */,
				7B10AF37192B29FA00D20A8E /* 098-doomtrain.png in Resources */,
				7B10AF14192B29FA00D20A8E /* 063-trauma.png in Resources */,
				7B10AEEA192B29FA00D20A8E /* 021-jelleye.png in Resources */,
				7B10AF06192B29FA00D20A8E /* 049-elastoid.png in Resources */,
				7B10AEFC192B29FA00D20A8E /* 039-wendigo.png in Resources */,
				7B10AEFB192B29FA00D20A8E /* 038-blitz.png in Resources */,
				7B10AEDC192B29FA00D20A8E /* 007-gesper.png in Resources */,
				7B10AF32192B29FA00D20A8E /* 093-pandemona.png in Resources */,
				7B10AEFF192B29FA00D20A8E /* 042-blue-dragon.png in Resources */,
				7B10AF22192B29FA00D20A8E /* 077-ultima-weapon.png in Resources */,
				7B10AEF5192B29FA00D20A8E /* 032-tonberry.png in Resources */,
				7B10AF29192B29FA00D20A8E /* 084-shiva.png in Resources */,
				7B10AF0C192B29FA00D20A8E /* 055-biggs-wedge.png in Resources */,
				7B10AF12192B29FA00D20A8E /* 061-iguion.png in Resources */,
				7B10AEED192B29FA00D20A8E /* 024-armadodo.png in Resources */,
				7B10AEF4192B29FA00D20A8E /* 031-cactuar.png in Resources */,
				7B10AEDD192B29FA00D20A8E /* 008-fastitocalon-f.png in Resources */,
				7B10AEFA192B29FA00D20A8E /* 037-bomb.png in Resources */,
				7B10AF39192B29FA00D20A8E /* 100-ward.png in Resources */,
				7B10AEE3192B29FA00D20A8E /* 014-mesmerize.png in Resources */,
				7B10AEEB192B29FA00D20A8E /* 022-grand-mantis.png in Resources */,
				7B10AEEC192B29FA00D20A8E /* 023-forbidden.png in Resources */,
				7B10AEF0192B29FA00D20A8E /* 027-snow-lion.png in Resources */,
				7B10AF11192B29FA00D20A8E /* 060-gerogero.png in Resources */,
				7B10AED5192B29F900D20A8E /* board.png in Resources */,
				7B10AF01192B29FA00D20A8E /* 044-hexadragon.png in Resources */,
				7B10AF1B192B29FA00D20A8E /* 070-gargantua.png in Resources */,
				7B10AEF3192B29FA00D20A8E /* 030-death-claw.png in Resources */,
				7B10AF31192B29FA00D20A8E /* 092-odin.png in Resources */,
				7B10AF3C192B29FA00D20A8E /* 103-selphie.png in Resources */,
				7B10AF03192B29FA00D20A8E /* 046-behemoth.png in Resources */,
				7B10AEE4192B29FA00D20A8E /* 015-glacial-eye.png in Resources */,
				7B10AF42192B29FA00D20A8E /* 109-seifer.png in Resources */,
				7B10AF38192B29FA00D20A8E /* 099-eden.png in Resources */,
				7B10AF1F192B29FA00D20A8E /* 074-bgh251f2.png in Resources */,
				7B10AF21192B29FA00D20A8E /* 076-catoblepas.png in Resources */,
				7B10AE48192AF94700D20A8E /* Images.xcassets in Resources */,
				7B10AEEE192B29FA00D20A8E /* 025-tri-face.png in Resources */,
				7B10AEF9192B29FA00D20A8E /* 036-t-rexaur.png in Resources */,
				7B10AF34192B29FA00D20A8E /* 095-alexander.png in Resources */,
				7B10AF08192B29FA00D20A8E /* 051-malboro.png in Resources */,
				7B10AF28192B29FA00D20A8E /* 083-quezacotl.png in Resources */,
				7B10AF1E192B29FA00D20A8E /* 073-tiamat.png in Resources */,
				7B10AE3A192AF94700D20A8E /* InfoPlist.strings in Resources */,
				7B10AF20192B29FA00D20A8E /* 075-red-giant.png in Resources */,
				7B10AF26192B29FA00D20A8E /* 081-mini-mog.png in Resources */,
				7B10AF19192B29FA00D20A8E /* 068-jumbo-cactuar.png in Resources */,
				7B10AEFD192B29FA00D20A8E /* 040-torama.png in Resources */,
				7B10AF33192B29FA00D20A8E /* 094-cerberus.png in Resources */,
				7B10AF2E192B29FA00D20A8E /* 089-carbuncle.png in Resources */,
				7B10AF0A192B29FA00D20A8E /* 053-elnoyle.png in Resources */,
				7B10AEF1192B29FA00D20A8E /* 028-ochu.png in Resources */,
				7B10AEDE192B29FA00D20A8E /* 009-bloud-soul.png in Resources */,
				7B10AF3B192B29FA00D20A8E /* 102-laguna.png in Resources */,
				7B10AF18192B29FA00D20A8E /* 067-propagator.png in Resources */,
				7B10AF16192B29FA00D20A8E /* 065-norg.png in Resources */,
				7B10AF0B192B29FA00D20A8E /* 054-tonberry-king.png in Resources */,
				7B10AF36192B29FA00D20A8E /* 097-bahamut.png in Resources */,
				7B10AF0E192B29FA00D20A8E /* 057-elvoret.png in Resources */,
				7B10AF43192B29FA00D20A8E /* 110-squall.png in Resources */,
				7B10AF27192B29FA00D20A8E /* 082-chocobo.png in Resources */,
				7B10AF09192B29FA00D20A8E /* 052-ruby-dragon.png in Resources */,
				7B10AED8192B29FA00D20A8E /* 003-bite-bug.png in Resources */,
				7B10AF1A192B29FA00D20A8E /* 069-tri-point.png in Resources */,
				7B10AF25192B29FA00D20A8E /* 080-gilgamesh.png in Resources */,
				7B10AF0D192B29FA00D20A8E /* 056-fujin-raijin.png in Resources */,
				7B10AF1C192B29FA00D20A8E /* 071-mobile-type8.png in Resources */,
				7B10AEF8192B29FA00D20A8E /* 035-vysage.png in Resources */,
				7B10AF2A192B29FA00D20A8E /* 085-ifrit.png in Resources */,
				7B10AEE5192B29FA00D20A8E /* 016-belhelmel.png in Resources */,
				7B10AF3D192B29FA00D20A8E /* 104-quistis.png in Resources */,
				7B10AEF2192B29FA00D20A8E /* 029-sam08g.png in Resources */,
				7B10AEE7192B29FA00D20A8E /* 018-anacondaur.png in Resources */,
				7B10AF41192B29FA00D20A8E /* 108-edea.png in Resources */,
				7B10AF0F192B29FA00D20A8E /* 058-x-atm092.png in Resources */,
				7B10AEDB192B29FA00D20A8E /* 006-gayla.png in Resources */,
				7B10AF23192B29FA00D20A8E /* 078-chubby-chocobo.png in Resources */,
				7B10AE43192AF94700D20A8E /* Main.storyboard in Resources */,
				7B10AEE6192B29FA00D20A8E /* 017-thrustaevis.png in Resources */,
				7B10AF24192B29FA00D20A8E /* 079-angelo.png in Resources */,
				7B10AEE1192B29FA00D20A8E /* 012-grat.png in Resources */,
				7B10AF1D192B29FA00D20A8E /* 072-sphinxaur.png in Resources */,
				7B10AEDA192B29FA00D20A8E /* 005-blobra.png in Resources */,
				7B10AF10192B29FA00D20A8E /* 059-granaldo.png in Resources */,
				7B10AEE0192B29FA00D20A8E /* 011-cockatrice.png in Resources */,
			);
			runOnlyForDeploymentPostprocessing = 0;
		};
		7B10AE4B192AF94700D20A8E /* Resources */ = {
			isa = PBXResourcesBuildPhase;
			buildActionMask = 2147483647;
			files = (
				7B10AE59192AF94700D20A8E /* InfoPlist.strings in Resources */,
			);
			runOnlyForDeploymentPostprocessing = 0;
		};
/* End PBXResourcesBuildPhase section */

/* Begin PBXSourcesBuildPhase section */
		7B10AE28192AF94700D20A8E /* Sources */ = {
			isa = PBXSourcesBuildPhase;
			buildActionMask = 2147483647;
			files = (
				7B1AF1A2192C6EC50057A2A5 /* Player.m in Sources */,
				7B1AF199192B97750057A2A5 /* Card.m in Sources */,
				7B10AE46192AF94700D20A8E /* ViewController.m in Sources */,
				7B10AE40192AF94700D20A8E /* AppDelegate.m in Sources */,
				7B1AF196192B97560057A2A5 /* Board.m in Sources */,
				7B1AF19C192C09A10057A2A5 /* Deck.m in Sources */,
				7B1AF19F192C0A490057A2A5 /* Game.m in Sources */,
				7B10AE3C192AF94700D20A8E /* main.m in Sources */,
			);
			runOnlyForDeploymentPostprocessing = 0;
		};
		7B10AE49192AF94700D20A8E /* Sources */ = {
			isa = PBXSourcesBuildPhase;
			buildActionMask = 2147483647;
			files = (
				7B10AE5B192AF94700D20A8E /* TripleTriadTests.m in Sources */,
			);
			runOnlyForDeploymentPostprocessing = 0;
		};
/* End PBXSourcesBuildPhase section */

/* Begin PBXTargetDependency section */
		7B10AE53192AF94700D20A8E /* PBXTargetDependency */ = {
			isa = PBXTargetDependency;
			target = 7B10AE2B192AF94700D20A8E /* TripleTriad */;
			targetProxy = 7B10AE52192AF94700D20A8E /* PBXContainerItemProxy */;
		};
/* End PBXTargetDependency section */

/* Begin PBXVariantGroup section */
		7B10AE38192AF94700D20A8E /* InfoPlist.strings */ = {
			isa = PBXVariantGroup;
			children = (
				7B10AE39192AF94700D20A8E /* en */,
			);
			name = InfoPlist.strings;
			sourceTree = "<group>";
		};
		7B10AE41192AF94700D20A8E /* Main.storyboard */ = {
			isa = PBXVariantGroup;
			children = (
				7B10AE42192AF94700D20A8E /* Base */,
			);
			name = Main.storyboard;
			sourceTree = "<group>";
		};
		7B10AE57192AF94700D20A8E /* InfoPlist.strings */ = {
			isa = PBXVariantGroup;
			children = (
				7B10AE58192AF94700D20A8E /* en */,
			);
			name = InfoPlist.strings;
			sourceTree = "<group>";
		};
/* End PBXVariantGroup section */

/* Begin XCBuildConfiguration section */
		7B10AE5C192AF94700D20A8E /* Debug */ = {
			isa = XCBuildConfiguration;
			buildSettings = {
				ALWAYS_SEARCH_USER_PATHS = NO;
				CLANG_CXX_LANGUAGE_STANDARD = "gnu++0x";
				CLANG_CXX_LIBRARY = "libc++";
				CLANG_ENABLE_MODULES = YES;
				CLANG_ENABLE_OBJC_ARC = YES;
				CLANG_WARN_BOOL_CONVERSION = YES;
				CLANG_WARN_CONSTANT_CONVERSION = YES;
				CLANG_WARN_DIRECT_OBJC_ISA_USAGE = YES_ERROR;
				CLANG_WARN_EMPTY_BODY = YES;
				CLANG_WARN_ENUM_CONVERSION = YES;
				CLANG_WARN_INT_CONVERSION = YES;
				CLANG_WARN_OBJC_ROOT_CLASS = YES_ERROR;
				CLANG_WARN__DUPLICATE_METHOD_MATCH = YES;
				"CODE_SIGN_IDENTITY[sdk=iphoneos*]" = "iPhone Developer";
				COPY_PHASE_STRIP = NO;
				GCC_C_LANGUAGE_STANDARD = gnu99;
				GCC_DYNAMIC_NO_PIC = NO;
				GCC_OPTIMIZATION_LEVEL = 0;
				GCC_PREPROCESSOR_DEFINITIONS = (
					"DEBUG=1",
					"$(inherited)",
				);
				GCC_SYMBOLS_PRIVATE_EXTERN = NO;
				GCC_WARN_64_TO_32_BIT_CONVERSION = YES;
				GCC_WARN_ABOUT_RETURN_TYPE = YES_ERROR;
				GCC_WARN_UNDECLARED_SELECTOR = YES;
				GCC_WARN_UNINITIALIZED_AUTOS = YES_AGGRESSIVE;
				GCC_WARN_UNUSED_FUNCTION = YES;
				GCC_WARN_UNUSED_VARIABLE = YES;
				IPHONEOS_DEPLOYMENT_TARGET = 7.1;
				ONLY_ACTIVE_ARCH = YES;
				SDKROOT = iphoneos;
				TARGETED_DEVICE_FAMILY = 2;
			};
			name = Debug;
		};
		7B10AE5D192AF94700D20A8E /* Release */ = {
			isa = XCBuildConfiguration;
			buildSettings = {
				ALWAYS_SEARCH_USER_PATHS = NO;
				CLANG_CXX_LANGUAGE_STANDARD = "gnu++0x";
				CLANG_CXX_LIBRARY = "libc++";
				CLANG_ENABLE_MODULES = YES;
				CLANG_ENABLE_OBJC_ARC = YES;
				CLANG_WARN_BOOL_CONVERSION = YES;
				CLANG_WARN_CONSTANT_CONVERSION = YES;
				CLANG_WARN_DIRECT_OBJC_ISA_USAGE = YES_ERROR;
				CLANG_WARN_EMPTY_BODY = YES;
				CLANG_WARN_ENUM_CONVERSION = YES;
				CLANG_WARN_INT_CONVERSION = YES;
				CLANG_WARN_OBJC_ROOT_CLASS = YES_ERROR;
				CLANG_WARN__DUPLICATE_METHOD_MATCH = YES;
				"CODE_SIGN_IDENTITY[sdk=iphoneos*]" = "iPhone Developer";
				COPY_PHASE_STRIP = YES;
				ENABLE_NS_ASSERTIONS = NO;
				GCC_C_LANGUAGE_STANDARD = gnu99;
				GCC_WARN_64_TO_32_BIT_CONVERSION = YES;
				GCC_WARN_ABOUT_RETURN_TYPE = YES_ERROR;
				GCC_WARN_UNDECLARED_SELECTOR = YES;
				GCC_WARN_UNINITIALIZED_AUTOS = YES_AGGRESSIVE;
				GCC_WARN_UNUSED_FUNCTION = YES;
				GCC_WARN_UNUSED_VARIABLE = YES;
				IPHONEOS_DEPLOYMENT_TARGET = 7.1;
				SDKROOT = iphoneos;
				TARGETED_DEVICE_FAMILY = 2;
				VALIDATE_PRODUCT = YES;
			};
			name = Release;
		};
		7B10AE5F192AF94700D20A8E /* Debug */ = {
			isa = XCBuildConfiguration;
			buildSettings = {
				ASSETCATALOG_COMPILER_APPICON_NAME = AppIcon;
				ASSETCATALOG_COMPILER_LAUNCHIMAGE_NAME = LaunchImage;
				GCC_PRECOMPILE_PREFIX_HEADER = YES;
				GCC_PREFIX_HEADER = "TripleTriad/TripleTriad-Prefix.pch";
				INFOPLIST_FILE = "TripleTriad/TripleTriad-Info.plist";
				PRODUCT_NAME = "$(TARGET_NAME)";
				WRAPPER_EXTENSION = app;
			};
			name = Debug;
		};
		7B10AE60192AF94700D20A8E /* Release */ = {
			isa = XCBuildConfiguration;
			buildSettings = {
				ASSETCATALOG_COMPILER_APPICON_NAME = AppIcon;
				ASSETCATALOG_COMPILER_LAUNCHIMAGE_NAME = LaunchImage;
				GCC_PRECOMPILE_PREFIX_HEADER = YES;
				GCC_PREFIX_HEADER = "TripleTriad/TripleTriad-Prefix.pch";
				INFOPLIST_FILE = "TripleTriad/TripleTriad-Info.plist";
				PRODUCT_NAME = "$(TARGET_NAME)";
				WRAPPER_EXTENSION = app;
			};
			name = Release;
		};
		7B10AE62192AF94700D20A8E /* Debug */ = {
			isa = XCBuildConfiguration;
			buildSettings = {
				BUNDLE_LOADER = "$(BUILT_PRODUCTS_DIR)/TripleTriad.app/TripleTriad";
				FRAMEWORK_SEARCH_PATHS = (
					"$(SDKROOT)/Developer/Library/Frameworks",
					"$(inherited)",
					"$(DEVELOPER_FRAMEWORKS_DIR)",
				);
				GCC_PRECOMPILE_PREFIX_HEADER = YES;
				GCC_PREFIX_HEADER = "TripleTriad/TripleTriad-Prefix.pch";
				GCC_PREPROCESSOR_DEFINITIONS = (
					"DEBUG=1",
					"$(inherited)",
				);
				INFOPLIST_FILE = "TripleTriadTests/TripleTriadTests-Info.plist";
				PRODUCT_NAME = "$(TARGET_NAME)";
				TEST_HOST = "$(BUNDLE_LOADER)";
				WRAPPER_EXTENSION = xctest;
			};
			name = Debug;
		};
		7B10AE63192AF94700D20A8E /* Release */ = {
			isa = XCBuildConfiguration;
			buildSettings = {
				BUNDLE_LOADER = "$(BUILT_PRODUCTS_DIR)/TripleTriad.app/TripleTriad";
				FRAMEWORK_SEARCH_PATHS = (
					"$(SDKROOT)/Developer/Library/Frameworks",
					"$(inherited)",
					"$(DEVELOPER_FRAMEWORKS_DIR)",
				);
				GCC_PRECOMPILE_PREFIX_HEADER = YES;
				GCC_PREFIX_HEADER = "TripleTriad/TripleTriad-Prefix.pch";
				INFOPLIST_FILE = "TripleTriadTests/TripleTriadTests-Info.plist";
				PRODUCT_NAME = "$(TARGET_NAME)";
				TEST_HOST = "$(BUNDLE_LOADER)";
				WRAPPER_EXTENSION = xctest;
			};
			name = Release;
		};
/* End XCBuildConfiguration section */

/* Begin XCConfigurationList section */
		7B10AE27192AF94700D20A8E /* Build configuration list for PBXProject "TripleTriad" */ = {
			isa = XCConfigurationList;
			buildConfigurations = (
				7B10AE5C192AF94700D20A8E /* Debug */,
				7B10AE5D192AF94700D20A8E /* Release */,
			);
			defaultConfigurationIsVisible = 0;
			defaultConfigurationName = Release;
		};
		7B10AE5E192AF94700D20A8E /* Build configuration list for PBXNativeTarget "TripleTriad" */ = {
			isa = XCConfigurationList;
			buildConfigurations = (
				7B10AE5F192AF94700D20A8E /* Debug */,
				7B10AE60192AF94700D20A8E /* Release */,
			);
			defaultConfigurationIsVisible = 0;
			defaultConfigurationName = Release;
		};
		7B10AE61192AF94700D20A8E /* Build configuration list for PBXNativeTarget "TripleTriadTests" */ = {
			isa = XCConfigurationList;
			buildConfigurations = (
				7B10AE62192AF94700D20A8E /* Debug */,
				7B10AE63192AF94700D20A8E /* Release */,
			);
			defaultConfigurationIsVisible = 0;
			defaultConfigurationName = Release;
		};
/* End XCConfigurationList section */
	};
	rootObject = 7B10AE24192AF94700D20A8E /* Project object */;
}
